
Microsoft Visual Studio Solution File, Format Version 12.00
# Visual Studio Version 17
VisualStudioVersion = 17.0.31903.59
MinimumVisualStudioVersion = 10.0.40219.1
Project("{2150E333-8FDC-42A3-9474-1A3956D46DE8}") = "homework1", "homework1", "{E47B0BD0-7FA5-B6F3-E58D-10864AFCA87E}"
EndProject
Project("{FAE04EC0-301F-11D3-BF4B-00C04F79EFBC}") = "CsharpPermutation", "homework1\CsharpPermutation\CsharpPermutation.csproj", "{4B582FBA-66CD-42B1-9C30-AF08008C2FEE}"
EndProject
Global
	GlobalSection(SolutionConfigurationPlatforms) = preSolution
		Debug|Any CPU = Debug|Any CPU
		Debug|x64 = Debug|x64
		Debug|x86 = Debug|x86
		Release|Any CPU = Release|Any CPU
		Release|x64 = Release|x64
		Release|x86 = Release|x86
	EndGlobalSection
	GlobalSection(ProjectConfigurationPlatforms) = postSolution
		{4B582FBA-66CD-42B1-9C30-AF08008C2FEE}.Debug|Any CPU.ActiveCfg = Debug|Any CPU
		{4B582FBA-66CD-42B1-9C30-AF08008C2FEE}.Debug|Any CPU.Build.0 = Debug|Any CPU
		{4B582FBA-66CD-42B1-9C30-AF08008C2FEE}.Debug|x64.ActiveCfg = Debug|Any CPU
		{4B582FBA-66CD-42B1-9C30-AF08008C2FEE}.Debug|x64.Build.0 = Debug|Any CPU
		{4B582FBA-66CD-42B1-9C30-AF08008C2FEE}.Debug|x86.ActiveCfg = Debug|Any CPU
		{4B582FBA-66CD-42B1-9C30-AF08008C2FEE}.Debug|x86.Build.0 = Debug|Any CPU
		{4B582FBA-66CD-42B1-9C30-AF08008C2FEE}.Release|Any CPU.ActiveCfg = Release|Any CPU
		{4B582FBA-66CD-42B1-9C30-AF08008C2FEE}.Release|Any CPU.Build.0 = Release|Any CPU
		{4B582FBA-66CD-42B1-9C30-AF08008C2FEE}.Release|x64.ActiveCfg = Release|Any CPU
		{4B582FBA-66CD-42B1-9C30-AF08008C2FEE}.Release|x64.Build.0 = Release|Any CPU
		{4B582FBA-66CD-42B1-9C30-AF08008C2FEE}.Release|x86.ActiveCfg = Release|Any CPU
		{4B582FBA-66CD-42B1-9C30-AF08008C2FEE}.Release|x86.Build.0 = Release|Any CPU
	EndGlobalSection
	GlobalSection(SolutionProperties) = preSolution
		HideSolutionNode = FALSE
	EndGlobalSection
	GlobalSection(NestedProjects) = preSolution
		{4B582FBA-66CD-42B1-9C30-AF08008C2FEE} = {E47B0BD0-7FA5-B6F3-E58D-10864AFCA87E}
	EndGlobalSection
EndGlobal
